
Microsoft Visual Studio Solution File, Format Version 12.00
# Visual Studio Version 17
VisualStudioVersion = 17.7.34024.191
MinimumVisualStudioVersion = 10.0.40219.1
Project("{9A19103F-16F7-4668-BE54-9A1E7A4F7556}") = "Application", "src\Application\Application.csproj", "{BCF7A872-A53D-4580-9EDC-F4BF297EC252}"
EndProject
Project("{9A19103F-16F7-4668-BE54-9A1E7A4F7556}") = "Domain", "src\Domain\Domain.csproj", "{163A1974-A336-4337-B639-0010F99B15B6}"
EndProject
Project("{9A19103F-16F7-4668-BE54-9A1E7A4F7556}") = "Infrastructure", "src\Infrastructure\Infrastructure.csproj", "{2A867551-16CD-4FBC-B5E7-914356D6B9B1}"
EndProject
Project("{2150E333-8FDC-42A3-9474-1A3956D46DE8}") = "src", "src", "{C54C37A5-FD75-47A3-AB48-B7861855B928}"
EndProject
Project("{2150E333-8FDC-42A3-9474-1A3956D46DE8}") = "test", "test", "{29B25B91-19AC-4828-B390-FEB5BEF9A55E}"
EndProject
Project("{FAE04EC0-301F-11D3-BF4B-00C04F79EFBC}") = "Api", "src\Api\Api.csproj", "{DFA8EA86-8681-481E-88CA-CF71CA5C7523}"
EndProject
Project("{E53339B2-1760-4266-BCC7-CA923CBCF16C}") = "docker-compose", "docker-compose.dcproj", "{B58648A5-E699-4272-A18F-F2D3C4BDE941}"
EndProject
Global
	GlobalSection(SolutionConfigurationPlatforms) = preSolution
		Debug|Any CPU = Debug|Any CPU
		Release|Any CPU = Release|Any CPU
	EndGlobalSection
	GlobalSection(ProjectConfigurationPlatforms) = postSolution
		{BCF7A872-A53D-4580-9EDC-F4BF297EC252}.Debug|Any CPU.ActiveCfg = Debug|Any CPU
		{BCF7A872-A53D-4580-9EDC-F4BF297EC252}.Debug|Any CPU.Build.0 = Debug|Any CPU
		{BCF7A872-A53D-4580-9EDC-F4BF297EC252}.Release|Any CPU.ActiveCfg = Release|Any CPU
		{BCF7A872-A53D-4580-9EDC-F4BF297EC252}.Release|Any CPU.Build.0 = Release|Any CPU
		{163A1974-A336-4337-B639-0010F99B15B6}.Debug|Any CPU.ActiveCfg = Debug|Any CPU
		{163A1974-A336-4337-B639-0010F99B15B6}.Debug|Any CPU.Build.0 = Debug|Any CPU
		{163A1974-A336-4337-B639-0010F99B15B6}.Release|Any CPU.ActiveCfg = Release|Any CPU
		{163A1974-A336-4337-B639-0010F99B15B6}.Release|Any CPU.Build.0 = Release|Any CPU
		{2A867551-16CD-4FBC-B5E7-914356D6B9B1}.Debug|Any CPU.ActiveCfg = Debug|Any CPU
		{2A867551-16CD-4FBC-B5E7-914356D6B9B1}.Debug|Any CPU.Build.0 = Debug|Any CPU
		{2A867551-16CD-4FBC-B5E7-914356D6B9B1}.Release|Any CPU.ActiveCfg = Release|Any CPU
		{2A867551-16CD-4FBC-B5E7-914356D6B9B1}.Release|Any CPU.Build.0 = Release|Any CPU
		{DFA8EA86-8681-481E-88CA-CF71CA5C7523}.Debug|Any CPU.ActiveCfg = Debug|Any CPU
		{DFA8EA86-8681-481E-88CA-CF71CA5C7523}.Debug|Any CPU.Build.0 = Debug|Any CPU
		{DFA8EA86-8681-481E-88CA-CF71CA5C7523}.Release|Any CPU.ActiveCfg = Release|Any CPU
		{DFA8EA86-8681-481E-88CA-CF71CA5C7523}.Release|Any CPU.Build.0 = Release|Any CPU
		{B58648A5-E699-4272-A18F-F2D3C4BDE941}.Debug|Any CPU.ActiveCfg = Debug|Any CPU
		{B58648A5-E699-4272-A18F-F2D3C4BDE941}.Debug|Any CPU.Build.0 = Debug|Any CPU
		{B58648A5-E699-4272-A18F-F2D3C4BDE941}.Release|Any CPU.ActiveCfg = Release|Any CPU
		{B58648A5-E699-4272-A18F-F2D3C4BDE941}.Release|Any CPU.Build.0 = Release|Any CPU
	EndGlobalSection
	GlobalSection(SolutionProperties) = preSolution
		HideSolutionNode = FALSE
	EndGlobalSection
	GlobalSection(NestedProjects) = preSolution
		{BCF7A872-A53D-4580-9EDC-F4BF297EC252} = {C54C37A5-FD75-47A3-AB48-B7861855B928}
		{163A1974-A336-4337-B639-0010F99B15B6} = {C54C37A5-FD75-47A3-AB48-B7861855B928}
		{2A867551-16CD-4FBC-B5E7-914356D6B9B1} = {C54C37A5-FD75-47A3-AB48-B7861855B928}
		{DFA8EA86-8681-481E-88CA-CF71CA5C7523} = {C54C37A5-FD75-47A3-AB48-B7861855B928}
	EndGlobalSection
	GlobalSection(ExtensibilityGlobals) = postSolution
		SolutionGuid = {AE28DBEE-5030-4FB1-8DB3-10E9EBBE77AF}
	EndGlobalSection
EndGlobal
