
Microsoft Visual Studio Solution File, Format Version 12.00
# Visual Studio Version 17
VisualStudioVersion = 17.7.34024.191
MinimumVisualStudioVersion = 10.0.40219.1
Project("{9A19103F-16F7-4668-BE54-9A1E7A4F7556}") = "Application", "src\Application\Application.csproj", "{BCF7A872-A53D-4580-9EDC-F4BF297EC252}"
EndProject
Project("{9A19103F-16F7-4668-BE54-9A1E7A4F7556}") = "Domain", "src\Domain\Domain.csproj", "{163A1974-A336-4337-B639-0010F99B15B6}"
EndProject
Project("{9A19103F-16F7-4668-BE54-9A1E7A4F7556}") = "Infrastructure", "src\Infrastructure\Infrastructure.csproj", "{2A867551-16CD-4FBC-B5E7-914356D6B9B1}"
EndProject
Project("{2150E333-8FDC-42A3-9474-1A3956D46DE8}") = "src", "src", "{C54C37A5-FD75-47A3-AB48-B7861855B928}"
EndProject
Project("{2150E333-8FDC-42A3-9474-1A3956D46DE8}") = "test", "test", "{29B25B91-19AC-4828-B390-FEB5BEF9A55E}"
EndProject
Project("{9A19103F-16F7-4668-BE54-9A1E7A4F7556}") = "Api", "src\Api\Api.csproj", "{DFA8EA86-8681-481E-88CA-CF71CA5C7523}"
EndProject
Project("{E53339B2-1760-4266-BCC7-CA923CBCF16C}") = "docker-compose", "docker-compose.dcproj", "{B58648A5-E699-4272-A18F-F2D3C4BDE941}"
EndProject
Project("{9A19103F-16F7-4668-BE54-9A1E7A4F7556}") = "Domain.UnitTests", "tests\Domain.UnitTests\Domain.UnitTests.csproj", "{67894423-604A-4C37-BD84-4430BA1D9F6A}"
EndProject
Project("{9A19103F-16F7-4668-BE54-9A1E7A4F7556}") = "Application.UnitTests", "tests\Application.UnitTests\Application.UnitTests.csproj", "{A7C361C7-DFB7-4B7A-A131-E4ED772EB6E1}"
EndProject
Project("{9A19103F-16F7-4668-BE54-9A1E7A4F7556}") = "ArchitectureTests", "tests\ArchitectureTests\ArchitectureTests.csproj", "{37B1A8EE-C4B0-4829-A83C-0CA432AEC094}"
EndProject
Project("{FAE04EC0-301F-11D3-BF4B-00C04F79EFBC}") = "Application.IntegrationTests", "tests\Application.IntegrationTests\Application.IntegrationTests.csproj", "{52C8EE53-913E-4C32-9BC4-D0BFFB56EF52}"
EndProject
Global
	GlobalSection(SolutionConfigurationPlatforms) = preSolution
		Debug|Any CPU = Debug|Any CPU
		Release|Any CPU = Release|Any CPU
	EndGlobalSection
	GlobalSection(ProjectConfigurationPlatforms) = postSolution
		{BCF7A872-A53D-4580-9EDC-F4BF297EC252}.Debug|Any CPU.ActiveCfg = Debug|Any CPU
		{BCF7A872-A53D-4580-9EDC-F4BF297EC252}.Debug|Any CPU.Build.0 = Debug|Any CPU
		{BCF7A872-A53D-4580-9EDC-F4BF297EC252}.Release|Any CPU.ActiveCfg = Release|Any CPU
		{BCF7A872-A53D-4580-9EDC-F4BF297EC252}.Release|Any CPU.Build.0 = Release|Any CPU
		{163A1974-A336-4337-B639-0010F99B15B6}.Debug|Any CPU.ActiveCfg = Debug|Any CPU
		{163A1974-A336-4337-B639-0010F99B15B6}.Debug|Any CPU.Build.0 = Debug|Any CPU
		{163A1974-A336-4337-B639-0010F99B15B6}.Release|Any CPU.ActiveCfg = Release|Any CPU
		{163A1974-A336-4337-B639-0010F99B15B6}.Release|Any CPU.Build.0 = Release|Any CPU
		{2A867551-16CD-4FBC-B5E7-914356D6B9B1}.Debug|Any CPU.ActiveCfg = Debug|Any CPU
		{2A867551-16CD-4FBC-B5E7-914356D6B9B1}.Debug|Any CPU.Build.0 = Debug|Any CPU
		{2A867551-16CD-4FBC-B5E7-914356D6B9B1}.Release|Any CPU.ActiveCfg = Release|Any CPU
		{2A867551-16CD-4FBC-B5E7-914356D6B9B1}.Release|Any CPU.Build.0 = Release|Any CPU
		{DFA8EA86-8681-481E-88CA-CF71CA5C7523}.Debug|Any CPU.ActiveCfg = Debug|Any CPU
		{DFA8EA86-8681-481E-88CA-CF71CA5C7523}.Debug|Any CPU.Build.0 = Debug|Any CPU
		{DFA8EA86-8681-481E-88CA-CF71CA5C7523}.Release|Any CPU.ActiveCfg = Release|Any CPU
		{DFA8EA86-8681-481E-88CA-CF71CA5C7523}.Release|Any CPU.Build.0 = Release|Any CPU
		{B58648A5-E699-4272-A18F-F2D3C4BDE941}.Debug|Any CPU.ActiveCfg = Debug|Any CPU
		{B58648A5-E699-4272-A18F-F2D3C4BDE941}.Debug|Any CPU.Build.0 = Debug|Any CPU
		{B58648A5-E699-4272-A18F-F2D3C4BDE941}.Release|Any CPU.ActiveCfg = Release|Any CPU
		{B58648A5-E699-4272-A18F-F2D3C4BDE941}.Release|Any CPU.Build.0 = Release|Any CPU
		{67894423-604A-4C37-BD84-4430BA1D9F6A}.Debug|Any CPU.ActiveCfg = Debug|Any CPU
		{67894423-604A-4C37-BD84-4430BA1D9F6A}.Debug|Any CPU.Build.0 = Debug|Any CPU
		{67894423-604A-4C37-BD84-4430BA1D9F6A}.Release|Any CPU.ActiveCfg = Release|Any CPU
		{67894423-604A-4C37-BD84-4430BA1D9F6A}.Release|Any CPU.Build.0 = Release|Any CPU
		{A7C361C7-DFB7-4B7A-A131-E4ED772EB6E1}.Debug|Any CPU.ActiveCfg = Debug|Any CPU
		{A7C361C7-DFB7-4B7A-A131-E4ED772EB6E1}.Debug|Any CPU.Build.0 = Debug|Any CPU
		{A7C361C7-DFB7-4B7A-A131-E4ED772EB6E1}.Release|Any CPU.ActiveCfg = Release|Any CPU
		{A7C361C7-DFB7-4B7A-A131-E4ED772EB6E1}.Release|Any CPU.Build.0 = Release|Any CPU
		{37B1A8EE-C4B0-4829-A83C-0CA432AEC094}.Debug|Any CPU.ActiveCfg = Debug|Any CPU
		{37B1A8EE-C4B0-4829-A83C-0CA432AEC094}.Debug|Any CPU.Build.0 = Debug|Any CPU
		{37B1A8EE-C4B0-4829-A83C-0CA432AEC094}.Release|Any CPU.ActiveCfg = Release|Any CPU
		{37B1A8EE-C4B0-4829-A83C-0CA432AEC094}.Release|Any CPU.Build.0 = Release|Any CPU
		{52C8EE53-913E-4C32-9BC4-D0BFFB56EF52}.Debug|Any CPU.ActiveCfg = Debug|Any CPU
		{52C8EE53-913E-4C32-9BC4-D0BFFB56EF52}.Debug|Any CPU.Build.0 = Debug|Any CPU
		{52C8EE53-913E-4C32-9BC4-D0BFFB56EF52}.Release|Any CPU.ActiveCfg = Release|Any CPU
		{52C8EE53-913E-4C32-9BC4-D0BFFB56EF52}.Release|Any CPU.Build.0 = Release|Any CPU
	EndGlobalSection
	GlobalSection(SolutionProperties) = preSolution
		HideSolutionNode = FALSE
	EndGlobalSection
	GlobalSection(NestedProjects) = preSolution
		{BCF7A872-A53D-4580-9EDC-F4BF297EC252} = {C54C37A5-FD75-47A3-AB48-B7861855B928}
		{163A1974-A336-4337-B639-0010F99B15B6} = {C54C37A5-FD75-47A3-AB48-B7861855B928}
		{2A867551-16CD-4FBC-B5E7-914356D6B9B1} = {C54C37A5-FD75-47A3-AB48-B7861855B928}
		{DFA8EA86-8681-481E-88CA-CF71CA5C7523} = {C54C37A5-FD75-47A3-AB48-B7861855B928}
		{67894423-604A-4C37-BD84-4430BA1D9F6A} = {29B25B91-19AC-4828-B390-FEB5BEF9A55E}
		{A7C361C7-DFB7-4B7A-A131-E4ED772EB6E1} = {29B25B91-19AC-4828-B390-FEB5BEF9A55E}
		{37B1A8EE-C4B0-4829-A83C-0CA432AEC094} = {29B25B91-19AC-4828-B390-FEB5BEF9A55E}
		{52C8EE53-913E-4C32-9BC4-D0BFFB56EF52} = {29B25B91-19AC-4828-B390-FEB5BEF9A55E}
	EndGlobalSection
	GlobalSection(ExtensibilityGlobals) = postSolution
		SolutionGuid = {AE28DBEE-5030-4FB1-8DB3-10E9EBBE77AF}
	EndGlobalSection
EndGlobal
