
Microsoft Visual Studio Solution File, Format Version 12.00
# Visual Studio Version 17
VisualStudioVersion = 17.7.34024.191
MinimumVisualStudioVersion = 10.0.40219.1
Project("{FAE04EC0-301F-11D3-BF4B-00C04F79EFBC}") = "Domain", "Domain\Domain.csproj", "{931E40A9-5F2C-45F1-839D-3F43CEC9A802}"
EndProject
Project("{FAE04EC0-301F-11D3-BF4B-00C04F79EFBC}") = "Application", "Application\Application.csproj", "{04305F66-73C3-4757-B9ED-12D7C1DD423E}"
EndProject
Project("{FAE04EC0-301F-11D3-BF4B-00C04F79EFBC}") = "Infrastructure", "Infrastructure\Infrastructure.csproj", "{A36C7083-A6E1-41C6-A0CC-2D8FB0E41EE5}"
EndProject
Project("{FAE04EC0-301F-11D3-BF4B-00C04F79EFBC}") = "Presentation", "Presentation\Presentation.csproj", "{3C10590C-9451-4FF9-91F5-3C92FB538DD9}"
EndProject
Project("{FAE04EC0-301F-11D3-BF4B-00C04F79EFBC}") = "WebApi", "WebApi\WebApi.csproj", "{433BFB00-DAB0-44CC-A0C4-6C10F64BEC60}"
EndProject
Global
	GlobalSection(SolutionConfigurationPlatforms) = preSolution
		Debug|Any CPU = Debug|Any CPU
		Release|Any CPU = Release|Any CPU
	EndGlobalSection
	GlobalSection(ProjectConfigurationPlatforms) = postSolution
		{931E40A9-5F2C-45F1-839D-3F43CEC9A802}.Debug|Any CPU.ActiveCfg = Debug|Any CPU
		{931E40A9-5F2C-45F1-839D-3F43CEC9A802}.Debug|Any CPU.Build.0 = Debug|Any CPU
		{931E40A9-5F2C-45F1-839D-3F43CEC9A802}.Release|Any CPU.ActiveCfg = Release|Any CPU
		{931E40A9-5F2C-45F1-839D-3F43CEC9A802}.Release|Any CPU.Build.0 = Release|Any CPU
		{04305F66-73C3-4757-B9ED-12D7C1DD423E}.Debug|Any CPU.ActiveCfg = Debug|Any CPU
		{04305F66-73C3-4757-B9ED-12D7C1DD423E}.Debug|Any CPU.Build.0 = Debug|Any CPU
		{04305F66-73C3-4757-B9ED-12D7C1DD423E}.Release|Any CPU.ActiveCfg = Release|Any CPU
		{04305F66-73C3-4757-B9ED-12D7C1DD423E}.Release|Any CPU.Build.0 = Release|Any CPU
		{A36C7083-A6E1-41C6-A0CC-2D8FB0E41EE5}.Debug|Any CPU.ActiveCfg = Debug|Any CPU
		{A36C7083-A6E1-41C6-A0CC-2D8FB0E41EE5}.Debug|Any CPU.Build.0 = Debug|Any CPU
		{A36C7083-A6E1-41C6-A0CC-2D8FB0E41EE5}.Release|Any CPU.ActiveCfg = Release|Any CPU
		{A36C7083-A6E1-41C6-A0CC-2D8FB0E41EE5}.Release|Any CPU.Build.0 = Release|Any CPU
		{3C10590C-9451-4FF9-91F5-3C92FB538DD9}.Debug|Any CPU.ActiveCfg = Debug|Any CPU
		{3C10590C-9451-4FF9-91F5-3C92FB538DD9}.Debug|Any CPU.Build.0 = Debug|Any CPU
		{3C10590C-9451-4FF9-91F5-3C92FB538DD9}.Release|Any CPU.ActiveCfg = Release|Any CPU
		{3C10590C-9451-4FF9-91F5-3C92FB538DD9}.Release|Any CPU.Build.0 = Release|Any CPU
		{433BFB00-DAB0-44CC-A0C4-6C10F64BEC60}.Debug|Any CPU.ActiveCfg = Debug|Any CPU
		{433BFB00-DAB0-44CC-A0C4-6C10F64BEC60}.Debug|Any CPU.Build.0 = Debug|Any CPU
		{433BFB00-DAB0-44CC-A0C4-6C10F64BEC60}.Release|Any CPU.ActiveCfg = Release|Any CPU
		{433BFB00-DAB0-44CC-A0C4-6C10F64BEC60}.Release|Any CPU.Build.0 = Release|Any CPU
	EndGlobalSection
	GlobalSection(SolutionProperties) = preSolution
		HideSolutionNode = FALSE
	EndGlobalSection
	GlobalSection(ExtensibilityGlobals) = postSolution
		SolutionGuid = {AE28DBEE-5030-4FB1-8DB3-10E9EBBE77AF}
	EndGlobalSection
EndGlobal
